
Microsoft Visual Studio Solution File, Format Version 12.00
# Visual Studio Version 17
VisualStudioVersion = 17.14.36121.58
MinimumVisualStudioVersion = 10.0.40219.1
Project("{FAE04EC0-301F-11D3-BF4B-00C04F79EFBC}") = "CaissaApp", "WpfApp1\CaissaApp.csproj", "{5AD847B5-9BA1-40DC-9416-166B7505A48F}"
EndProject
Global
	GlobalSection(SolutionConfigurationPlatforms) = preSolution
		Debug|Any CPU = Debug|Any CPU
		Release|Any CPU = Release|Any CPU
	EndGlobalSection
	GlobalSection(ProjectConfigurationPlatforms) = postSolution
		{5AD847B5-9BA1-40DC-9416-166B7505A48F}.Debug|Any CPU.ActiveCfg = Debug|Any CPU
		{5AD847B5-9BA1-40DC-9416-166B7505A48F}.Debug|Any CPU.Build.0 = Debug|Any CPU
		{5AD847B5-9BA1-40DC-9416-166B7505A48F}.Release|Any CPU.ActiveCfg = Release|Any CPU
		{5AD847B5-9BA1-40DC-9416-166B7505A48F}.Release|Any CPU.Build.0 = Release|Any CPU
	EndGlobalSection
	GlobalSection(SolutionProperties) = preSolution
		HideSolutionNode = FALSE
	EndGlobalSection
	GlobalSection(ExtensibilityGlobals) = postSolution
		SolutionGuid = {4C461018-3E53-4D67-852C-436A7EB9EA2E}
	EndGlobalSection
EndGlobal
